
Microsoft Visual Studio Solution File, Format Version 12.00
# Visual Studio Version 17
VisualStudioVersion = 17.6.33815.320
MinimumVisualStudioVersion = 10.0.40219.1
Project("{9A19103F-16F7-4668-BE54-9A1E7A4F7556}") = "DesignPatternsProject", "DesignPatternsProject\DesignPatternsProject.csproj", "{7F6033E9-2405-451A-B6C5-1887394B3EE2}"
EndProject
Global
	GlobalSection(SolutionConfigurationPlatforms) = preSolution
		Debug|Any CPU = Debug|Any CPU
		Release|Any CPU = Release|Any CPU
	EndGlobalSection
	GlobalSection(ProjectConfigurationPlatforms) = postSolution
		{7F6033E9-2405-451A-B6C5-1887394B3EE2}.Debug|Any CPU.ActiveCfg = Debug|Any CPU
		{7F6033E9-2405-451A-B6C5-1887394B3EE2}.Debug|Any CPU.Build.0 = Debug|Any CPU
		{7F6033E9-2405-451A-B6C5-1887394B3EE2}.Release|Any CPU.ActiveCfg = Release|Any CPU
		{7F6033E9-2405-451A-B6C5-1887394B3EE2}.Release|Any CPU.Build.0 = Release|Any CPU
	EndGlobalSection
	GlobalSection(SolutionProperties) = preSolution
		HideSolutionNode = FALSE
	EndGlobalSection
	GlobalSection(ExtensibilityGlobals) = postSolution
		SolutionGuid = {C4B1383A-2BCE-4E89-8E69-A5E42466A24A}
	EndGlobalSection
EndGlobal
